// !$*UTF8*$!
{
	archiveVersion = 1;
	classes = {
	};
	objectVersion = 46;
	objects = {

/* Begin PBXBuildFile section */
		9625B8211D19BBA000412F58 /* MVVM.framework in Frameworks */ = {isa = PBXBuildFile; fileRef = 9625B8161D19BBA000412F58 /* MVVM.framework */; };
		9625B8261D19BBA000412F58 /* MVVMTests.swift in Sources */ = {isa = PBXBuildFile; fileRef = 9625B8251D19BBA000412F58 /* MVVMTests.swift */; };
		9625B8371D19BC3900412F58 /* TableView.swift in Sources */ = {isa = PBXBuildFile; fileRef = 9625B8311D19BC3900412F58 /* TableView.swift */; };
		962D15381D1B1096004591AF /* CollectionView.swift in Sources */ = {isa = PBXBuildFile; fileRef = 962D15371D1B1096004591AF /* CollectionView.swift */; };
		962D153C1D1C728B004591AF /* ViewUpdating.swift in Sources */ = {isa = PBXBuildFile; fileRef = 962D153B1D1C728B004591AF /* ViewUpdating.swift */; };
		96EBE2031D9D43D200734A0B /* ViewModelable.swift in Sources */ = {isa = PBXBuildFile; fileRef = 96EBE2021D9D43D200734A0B /* ViewModelable.swift */; };
		96F2F95E1DD5CC950073C7B2 /* CollectionViewModel.swift in Sources */ = {isa = PBXBuildFile; fileRef = 96F2F9581DD5CC950073C7B2 /* CollectionViewModel.swift */; };
		96F2F95F1DD5CC950073C7B2 /* CollectionViewModeling.swift in Sources */ = {isa = PBXBuildFile; fileRef = 96F2F9591DD5CC950073C7B2 /* CollectionViewModeling.swift */; };
		96F2F9601DD5CC950073C7B2 /* ItemsViewModeling.swift in Sources */ = {isa = PBXBuildFile; fileRef = 96F2F95A1DD5CC950073C7B2 /* ItemsViewModeling.swift */; };
		96F2F9611DD5CC950073C7B2 /* TableViewModel.swift in Sources */ = {isa = PBXBuildFile; fileRef = 96F2F95B1DD5CC950073C7B2 /* TableViewModel.swift */; };
		96F2F9621DD5CC950073C7B2 /* TableViewModeling.swift in Sources */ = {isa = PBXBuildFile; fileRef = 96F2F95C1DD5CC950073C7B2 /* TableViewModeling.swift */; };
		96F2F9631DD5CC950073C7B2 /* ViewModeling.swift in Sources */ = {isa = PBXBuildFile; fileRef = 96F2F95D1DD5CC950073C7B2 /* ViewModeling.swift */; };
/* End PBXBuildFile section */

/* Begin PBXContainerItemProxy section */
		9625B8221D19BBA000412F58 /* PBXContainerItemProxy */ = {
			isa = PBXContainerItemProxy;
			containerPortal = 9625B80D1D19BBA000412F58 /* Project object */;
			proxyType = 1;
			remoteGlobalIDString = 9625B8151D19BBA000412F58;
			remoteInfo = MVVM;
		};
/* End PBXContainerItemProxy section */

/* Begin PBXFileReference section */
		9625B8161D19BBA000412F58 /* MVVM.framework */ = {isa = PBXFileReference; explicitFileType = wrapper.framework; includeInIndex = 0; path = MVVM.framework; sourceTree = BUILT_PRODUCTS_DIR; };
		9625B81B1D19BBA000412F58 /* Info.plist */ = {isa = PBXFileReference; lastKnownFileType = text.plist.xml; path = Info.plist; sourceTree = "<group>"; };
		9625B8201D19BBA000412F58 /* MVVMTests.xctest */ = {isa = PBXFileReference; explicitFileType = wrapper.cfbundle; includeInIndex = 0; path = MVVMTests.xctest; sourceTree = BUILT_PRODUCTS_DIR; };
		9625B8251D19BBA000412F58 /* MVVMTests.swift */ = {isa = PBXFileReference; lastKnownFileType = sourcecode.swift; path = MVVMTests.swift; sourceTree = "<group>"; };
		9625B8271D19BBA000412F58 /* Info.plist */ = {isa = PBXFileReference; lastKnownFileType = text.plist.xml; path = Info.plist; sourceTree = "<group>"; };
		9625B8311D19BC3900412F58 /* TableView.swift */ = {isa = PBXFileReference; fileEncoding = 4; lastKnownFileType = sourcecode.swift; path = TableView.swift; sourceTree = "<group>"; };
		962D15371D1B1096004591AF /* CollectionView.swift */ = {isa = PBXFileReference; fileEncoding = 4; lastKnownFileType = sourcecode.swift; path = CollectionView.swift; sourceTree = "<group>"; };
		962D153B1D1C728B004591AF /* ViewUpdating.swift */ = {isa = PBXFileReference; fileEncoding = 4; lastKnownFileType = sourcecode.swift; path = ViewUpdating.swift; sourceTree = "<group>"; };
		96EBE2021D9D43D200734A0B /* ViewModelable.swift */ = {isa = PBXFileReference; fileEncoding = 4; lastKnownFileType = sourcecode.swift; path = ViewModelable.swift; sourceTree = "<group>"; };
		96F2F9581DD5CC950073C7B2 /* CollectionViewModel.swift */ = {isa = PBXFileReference; fileEncoding = 4; lastKnownFileType = sourcecode.swift; path = CollectionViewModel.swift; sourceTree = "<group>"; };
		96F2F9591DD5CC950073C7B2 /* CollectionViewModeling.swift */ = {isa = PBXFileReference; fileEncoding = 4; lastKnownFileType = sourcecode.swift; path = CollectionViewModeling.swift; sourceTree = "<group>"; };
		96F2F95A1DD5CC950073C7B2 /* ItemsViewModeling.swift */ = {isa = PBXFileReference; fileEncoding = 4; lastKnownFileType = sourcecode.swift; path = ItemsViewModeling.swift; sourceTree = "<group>"; };
		96F2F95B1DD5CC950073C7B2 /* TableViewModel.swift */ = {isa = PBXFileReference; fileEncoding = 4; lastKnownFileType = sourcecode.swift; path = TableViewModel.swift; sourceTree = "<group>"; };
		96F2F95C1DD5CC950073C7B2 /* TableViewModeling.swift */ = {isa = PBXFileReference; fileEncoding = 4; lastKnownFileType = sourcecode.swift; path = TableViewModeling.swift; sourceTree = "<group>"; };
		96F2F95D1DD5CC950073C7B2 /* ViewModeling.swift */ = {isa = PBXFileReference; fileEncoding = 4; lastKnownFileType = sourcecode.swift; path = ViewModeling.swift; sourceTree = "<group>"; };
/* End PBXFileReference section */

/* Begin PBXFrameworksBuildPhase section */
		9625B8121D19BBA000412F58 /* Frameworks */ = {
			isa = PBXFrameworksBuildPhase;
			buildActionMask = 2147483647;
			files = (
			);
			runOnlyForDeploymentPostprocessing = 0;
		};
		9625B81D1D19BBA000412F58 /* Frameworks */ = {
			isa = PBXFrameworksBuildPhase;
			buildActionMask = 2147483647;
			files = (
				9625B8211D19BBA000412F58 /* MVVM.framework in Frameworks */,
			);
			runOnlyForDeploymentPostprocessing = 0;
		};
/* End PBXFrameworksBuildPhase section */

/* Begin PBXGroup section */
		9625B80C1D19BBA000412F58 = {
			isa = PBXGroup;
			children = (
				9625B8181D19BBA000412F58 /* MVVM */,
				9625B8241D19BBA000412F58 /* MVVMTests */,
				9625B8171D19BBA000412F58 /* Products */,
			);
			sourceTree = "<group>";
		};
		9625B8171D19BBA000412F58 /* Products */ = {
			isa = PBXGroup;
			children = (
				9625B8161D19BBA000412F58 /* MVVM.framework */,
				9625B8201D19BBA000412F58 /* MVVMTests.xctest */,
			);
			name = Products;
			sourceTree = "<group>";
		};
		9625B8181D19BBA000412F58 /* MVVM */ = {
			isa = PBXGroup;
			children = (
				9625B8301D19BC3900412F58 /* View */,
				9625B8341D19BC3900412F58 /* ViewModel */,
				9625B81B1D19BBA000412F58 /* Info.plist */,
			);
			path = MVVM;
			sourceTree = "<group>";
		};
		9625B8241D19BBA000412F58 /* MVVMTests */ = {
			isa = PBXGroup;
			children = (
				9625B8251D19BBA000412F58 /* MVVMTests.swift */,
				9625B8271D19BBA000412F58 /* Info.plist */,
			);
			path = MVVMTests;
			sourceTree = "<group>";
		};
		9625B8301D19BC3900412F58 /* View */ = {
			isa = PBXGroup;
			children = (
				96EBE2021D9D43D200734A0B /* ViewModelable.swift */,
				962D153B1D1C728B004591AF /* ViewUpdating.swift */,
				962D15371D1B1096004591AF /* CollectionView.swift */,
				9625B8311D19BC3900412F58 /* TableView.swift */,
			);
			path = View;
			sourceTree = "<group>";
		};
		9625B8341D19BC3900412F58 /* ViewModel */ = {
			isa = PBXGroup;
			children = (
				96F2F9581DD5CC950073C7B2 /* CollectionViewModel.swift */,
				96F2F9591DD5CC950073C7B2 /* CollectionViewModeling.swift */,
				96F2F95A1DD5CC950073C7B2 /* ItemsViewModeling.swift */,
				96F2F95B1DD5CC950073C7B2 /* TableViewModel.swift */,
				96F2F95C1DD5CC950073C7B2 /* TableViewModeling.swift */,
				96F2F95D1DD5CC950073C7B2 /* ViewModeling.swift */,
			);
			path = ViewModel;
			sourceTree = "<group>";
		};
/* End PBXGroup section */

/* Begin PBXHeadersBuildPhase section */
		9625B8131D19BBA000412F58 /* Headers */ = {
			isa = PBXHeadersBuildPhase;
			buildActionMask = 2147483647;
			files = (
			);
			runOnlyForDeploymentPostprocessing = 0;
		};
/* End PBXHeadersBuildPhase section */

/* Begin PBXNativeTarget section */
		9625B8151D19BBA000412F58 /* MVVM */ = {
			isa = PBXNativeTarget;
			buildConfigurationList = 9625B82A1D19BBA000412F58 /* Build configuration list for PBXNativeTarget "MVVM" */;
			buildPhases = (
				9625B8111D19BBA000412F58 /* Sources */,
				9625B8121D19BBA000412F58 /* Frameworks */,
				9625B8131D19BBA000412F58 /* Headers */,
				9625B8141D19BBA000412F58 /* Resources */,
			);
			buildRules = (
			);
			dependencies = (
			);
			name = MVVM;
			productName = MVVM;
			productReference = 9625B8161D19BBA000412F58 /* MVVM.framework */;
			productType = "com.apple.product-type.framework";
		};
		9625B81F1D19BBA000412F58 /* MVVMTests */ = {
			isa = PBXNativeTarget;
			buildConfigurationList = 9625B82D1D19BBA000412F58 /* Build configuration list for PBXNativeTarget "MVVMTests" */;
			buildPhases = (
				9625B81C1D19BBA000412F58 /* Sources */,
				9625B81D1D19BBA000412F58 /* Frameworks */,
				9625B81E1D19BBA000412F58 /* Resources */,
			);
			buildRules = (
			);
			dependencies = (
				9625B8231D19BBA000412F58 /* PBXTargetDependency */,
			);
			name = MVVMTests;
			productName = MVVMTests;
			productReference = 9625B8201D19BBA000412F58 /* MVVMTests.xctest */;
			productType = "com.apple.product-type.bundle.unit-test";
		};
/* End PBXNativeTarget section */

/* Begin PBXProject section */
		9625B80D1D19BBA000412F58 /* Project object */ = {
			isa = PBXProject;
			attributes = {
				LastSwiftUpdateCheck = 0730;
				LastUpgradeCheck = 0800;
				ORGANIZATIONNAME = "Marko Hlebar";
				TargetAttributes = {
					9625B8151D19BBA000412F58 = {
						CreatedOnToolsVersion = 7.3.1;
						LastSwiftMigration = 0810;
					};
					9625B81F1D19BBA000412F58 = {
						CreatedOnToolsVersion = 7.3.1;
					};
				};
			};
			buildConfigurationList = 9625B8101D19BBA000412F58 /* Build configuration list for PBXProject "MVVM" */;
			compatibilityVersion = "Xcode 3.2";
			developmentRegion = English;
			hasScannedForEncodings = 0;
			knownRegions = (
				en,
			);
			mainGroup = 9625B80C1D19BBA000412F58;
			productRefGroup = 9625B8171D19BBA000412F58 /* Products */;
			projectDirPath = "";
			projectRoot = "";
			targets = (
				9625B8151D19BBA000412F58 /* MVVM */,
				9625B81F1D19BBA000412F58 /* MVVMTests */,
			);
		};
/* End PBXProject section */

/* Begin PBXResourcesBuildPhase section */
		9625B8141D19BBA000412F58 /* Resources */ = {
			isa = PBXResourcesBuildPhase;
			buildActionMask = 2147483647;
			files = (
			);
			runOnlyForDeploymentPostprocessing = 0;
		};
		9625B81E1D19BBA000412F58 /* Resources */ = {
			isa = PBXResourcesBuildPhase;
			buildActionMask = 2147483647;
			files = (
			);
			runOnlyForDeploymentPostprocessing = 0;
		};
/* End PBXResourcesBuildPhase section */

/* Begin PBXSourcesBuildPhase section */
		9625B8111D19BBA000412F58 /* Sources */ = {
			isa = PBXSourcesBuildPhase;
			buildActionMask = 2147483647;
			files = (
				962D153C1D1C728B004591AF /* ViewUpdating.swift in Sources */,
				96F2F95F1DD5CC950073C7B2 /* CollectionViewModeling.swift in Sources */,
				962D15381D1B1096004591AF /* CollectionView.swift in Sources */,
				96F2F9621DD5CC950073C7B2 /* TableViewModeling.swift in Sources */,
				96F2F9611DD5CC950073C7B2 /* TableViewModel.swift in Sources */,
				96F2F9601DD5CC950073C7B2 /* ItemsViewModeling.swift in Sources */,
				96EBE2031D9D43D200734A0B /* ViewModelable.swift in Sources */,
				96F2F9631DD5CC950073C7B2 /* ViewModeling.swift in Sources */,
				9625B8371D19BC3900412F58 /* TableView.swift in Sources */,
				96F2F95E1DD5CC950073C7B2 /* CollectionViewModel.swift in Sources */,
			);
			runOnlyForDeploymentPostprocessing = 0;
		};
		9625B81C1D19BBA000412F58 /* Sources */ = {
			isa = PBXSourcesBuildPhase;
			buildActionMask = 2147483647;
			files = (
				9625B8261D19BBA000412F58 /* MVVMTests.swift in Sources */,
			);
			runOnlyForDeploymentPostprocessing = 0;
		};
/* End PBXSourcesBuildPhase section */

/* Begin PBXTargetDependency section */
		9625B8231D19BBA000412F58 /* PBXTargetDependency */ = {
			isa = PBXTargetDependency;
			target = 9625B8151D19BBA000412F58 /* MVVM */;
			targetProxy = 9625B8221D19BBA000412F58 /* PBXContainerItemProxy */;
		};
/* End PBXTargetDependency section */

/* Begin XCBuildConfiguration section */
		9625B8281D19BBA000412F58 /* Debug */ = {
			isa = XCBuildConfiguration;
			buildSettings = {
				ALWAYS_SEARCH_USER_PATHS = NO;
				CLANG_ANALYZER_NONNULL = YES;
				CLANG_CXX_LANGUAGE_STANDARD = "gnu++0x";
				CLANG_CXX_LIBRARY = "libc++";
				CLANG_ENABLE_MODULES = YES;
				CLANG_ENABLE_OBJC_ARC = YES;
				CLANG_WARN_BOOL_CONVERSION = YES;
				CLANG_WARN_CONSTANT_CONVERSION = YES;
				CLANG_WARN_DIRECT_OBJC_ISA_USAGE = YES_ERROR;
				CLANG_WARN_EMPTY_BODY = YES;
				CLANG_WARN_ENUM_CONVERSION = YES;
				CLANG_WARN_INFINITE_RECURSION = YES;
				CLANG_WARN_INT_CONVERSION = YES;
				CLANG_WARN_OBJC_ROOT_CLASS = YES_ERROR;
				CLANG_WARN_SUSPICIOUS_MOVE = YES;
				CLANG_WARN_UNREACHABLE_CODE = YES;
				CLANG_WARN__DUPLICATE_METHOD_MATCH = YES;
				"CODE_SIGN_IDENTITY[sdk=iphoneos*]" = "iPhone Developer";
				COPY_PHASE_STRIP = NO;
				CURRENT_PROJECT_VERSION = 1;
				DEBUG_INFORMATION_FORMAT = dwarf;
				ENABLE_STRICT_OBJC_MSGSEND = YES;
				ENABLE_TESTABILITY = YES;
				GCC_C_LANGUAGE_STANDARD = gnu99;
				GCC_DYNAMIC_NO_PIC = NO;
				GCC_NO_COMMON_BLOCKS = YES;
				GCC_OPTIMIZATION_LEVEL = 0;
				GCC_PREPROCESSOR_DEFINITIONS = (
					"DEBUG=1",
					"$(inherited)",
				);
				GCC_WARN_64_TO_32_BIT_CONVERSION = YES;
				GCC_WARN_ABOUT_RETURN_TYPE = YES_ERROR;
				GCC_WARN_UNDECLARED_SELECTOR = YES;
				GCC_WARN_UNINITIALIZED_AUTOS = YES_AGGRESSIVE;
				GCC_WARN_UNUSED_FUNCTION = YES;
				GCC_WARN_UNUSED_VARIABLE = YES;
				IPHONEOS_DEPLOYMENT_TARGET = 9.3;
				MTL_ENABLE_DEBUG_INFO = YES;
				ONLY_ACTIVE_ARCH = YES;
				SDKROOT = iphoneos;
				SWIFT_OPTIMIZATION_LEVEL = "-Onone";
				TARGETED_DEVICE_FAMILY = "1,2";
				VERSIONING_SYSTEM = "apple-generic";
				VERSION_INFO_PREFIX = "";
			};
			name = Debug;
		};
		9625B8291D19BBA000412F58 /* Release */ = {
			isa = XCBuildConfiguration;
			buildSettings = {
				ALWAYS_SEARCH_USER_PATHS = NO;
				CLANG_ANALYZER_NONNULL = YES;
				CLANG_CXX_LANGUAGE_STANDARD = "gnu++0x";
				CLANG_CXX_LIBRARY = "libc++";
				CLANG_ENABLE_MODULES = YES;
				CLANG_ENABLE_OBJC_ARC = YES;
				CLANG_WARN_BOOL_CONVERSION = YES;
				CLANG_WARN_CONSTANT_CONVERSION = YES;
				CLANG_WARN_DIRECT_OBJC_ISA_USAGE = YES_ERROR;
				CLANG_WARN_EMPTY_BODY = YES;
				CLANG_WARN_ENUM_CONVERSION = YES;
				CLANG_WARN_INFINITE_RECURSION = YES;
				CLANG_WARN_INT_CONVERSION = YES;
				CLANG_WARN_OBJC_ROOT_CLASS = YES_ERROR;
				CLANG_WARN_SUSPICIOUS_MOVE = YES;
				CLANG_WARN_UNREACHABLE_CODE = YES;
				CLANG_WARN__DUPLICATE_METHOD_MATCH = YES;
				"CODE_SIGN_IDENTITY[sdk=iphoneos*]" = "iPhone Developer";
				COPY_PHASE_STRIP = NO;
				CURRENT_PROJECT_VERSION = 1;
				DEBUG_INFORMATION_FORMAT = "dwarf-with-dsym";
				ENABLE_NS_ASSERTIONS = NO;
				ENABLE_STRICT_OBJC_MSGSEND = YES;
				GCC_C_LANGUAGE_STANDARD = gnu99;
				GCC_NO_COMMON_BLOCKS = YES;
				GCC_WARN_64_TO_32_BIT_CONVERSION = YES;
				GCC_WARN_ABOUT_RETURN_TYPE = YES_ERROR;
				GCC_WARN_UNDECLARED_SELECTOR = YES;
				GCC_WARN_UNINITIALIZED_AUTOS = YES_AGGRESSIVE;
				GCC_WARN_UNUSED_FUNCTION = YES;
				GCC_WARN_UNUSED_VARIABLE = YES;
				IPHONEOS_DEPLOYMENT_TARGET = 9.3;
				MTL_ENABLE_DEBUG_INFO = NO;
				SDKROOT = iphoneos;
				SWIFT_OPTIMIZATION_LEVEL = "-Owholemodule";
				TARGETED_DEVICE_FAMILY = "1,2";
				VALIDATE_PRODUCT = YES;
				VERSIONING_SYSTEM = "apple-generic";
				VERSION_INFO_PREFIX = "";
			};
			name = Release;
		};
		9625B82B1D19BBA000412F58 /* Debug */ = {
			isa = XCBuildConfiguration;
			buildSettings = {
				"CODE_SIGN_IDENTITY[sdk=iphoneos*]" = "";
				DEFINES_MODULE = YES;
				DYLIB_COMPATIBILITY_VERSION = 1;
				DYLIB_CURRENT_VERSION = 1;
				DYLIB_INSTALL_NAME_BASE = "@rpath";
				INFOPLIST_FILE = MVVM/Info.plist;
				INSTALL_PATH = "$(LOCAL_LIBRARY_DIR)/Frameworks";
				LD_RUNPATH_SEARCH_PATHS = "$(inherited) @executable_path/Frameworks @loader_path/Frameworks";
				PRODUCT_BUNDLE_IDENTIFIER = com.squid.MVVM;
				PRODUCT_NAME = "$(TARGET_NAME)";
				SKIP_INSTALL = YES;
				SWIFT_VERSION = 3.0;
			};
			name = Debug;
		};
		9625B82C1D19BBA000412F58 /* Release */ = {
			isa = XCBuildConfiguration;
			buildSettings = {
				"CODE_SIGN_IDENTITY[sdk=iphoneos*]" = "";
				DEFINES_MODULE = YES;
				DYLIB_COMPATIBILITY_VERSION = 1;
				DYLIB_CURRENT_VERSION = 1;
				DYLIB_INSTALL_NAME_BASE = "@rpath";
				INFOPLIST_FILE = MVVM/Info.plist;
				INSTALL_PATH = "$(LOCAL_LIBRARY_DIR)/Frameworks";
				LD_RUNPATH_SEARCH_PATHS = "$(inherited) @executable_path/Frameworks @loader_path/Frameworks";
				PRODUCT_BUNDLE_IDENTIFIER = com.squid.MVVM;
				PRODUCT_NAME = "$(TARGET_NAME)";
				SKIP_INSTALL = YES;
				SWIFT_VERSION = 3.0;
			};
			name = Release;
		};
		9625B82E1D19BBA000412F58 /* Debug */ = {
			isa = XCBuildConfiguration;
			buildSettings = {
				INFOPLIST_FILE = MVVMTests/Info.plist;
				LD_RUNPATH_SEARCH_PATHS = "$(inherited) @executable_path/Frameworks @loader_path/Frameworks";
				PRODUCT_BUNDLE_IDENTIFIER = com.squid.MVVMTests;
				PRODUCT_NAME = "$(TARGET_NAME)";
			};
			name = Debug;
		};
		9625B82F1D19BBA000412F58 /* Release */ = {
			isa = XCBuildConfiguration;
			buildSettings = {
				INFOPLIST_FILE = MVVMTests/Info.plist;
				LD_RUNPATH_SEARCH_PATHS = "$(inherited) @executable_path/Frameworks @loader_path/Frameworks";
				PRODUCT_BUNDLE_IDENTIFIER = com.squid.MVVMTests;
				PRODUCT_NAME = "$(TARGET_NAME)";
			};
			name = Release;
		};
/* End XCBuildConfiguration section */

/* Begin XCConfigurationList section */
		9625B8101D19BBA000412F58 /* Build configuration list for PBXProject "MVVM" */ = {
			isa = XCConfigurationList;
			buildConfigurations = (
				9625B8281D19BBA000412F58 /* Debug */,
				9625B8291D19BBA000412F58 /* Release */,
			);
			defaultConfigurationIsVisible = 0;
			defaultConfigurationName = Release;
		};
		9625B82A1D19BBA000412F58 /* Build configuration list for PBXNativeTarget "MVVM" */ = {
			isa = XCConfigurationList;
			buildConfigurations = (
				9625B82B1D19BBA000412F58 /* Debug */,
				9625B82C1D19BBA000412F58 /* Release */,
			);
			defaultConfigurationIsVisible = 0;
			defaultConfigurationName = Release;
		};
		9625B82D1D19BBA000412F58 /* Build configuration list for PBXNativeTarget "MVVMTests" */ = {
			isa = XCConfigurationList;
			buildConfigurations = (
				9625B82E1D19BBA000412F58 /* Debug */,
				9625B82F1D19BBA000412F58 /* Release */,
			);
			defaultConfigurationIsVisible = 0;
			defaultConfigurationName = Release;
		};
/* End XCConfigurationList section */
	};
	rootObject = 9625B80D1D19BBA000412F58 /* Project object */;
}
